{
  "version": 4,
  "terraform_version": "1.5.7",
  "serial": 3,
  "lineage": "26d07131-2e27-a700-5006-4b68fbefdaba",
  "outputs": {},
  "resources": [
    {
      "mode": "managed",
      "type": "google_container_cluster",
      "name": "primary",
      "provider": "provider[\"registry.terraform.io/hashicorp/google\"]",
      "instances": [
        {
          "schema_version": 1,
          "attributes": {
            "addons_config": [
              {
                "cloudrun_config": [],
                "config_connector_config": [],
                "dns_cache_config": [],
                "gce_persistent_disk_csi_driver_config": [
                  {
                    "enabled": true
                  }
                ],
                "gcp_filestore_csi_driver_config": [],
                "gcs_fuse_csi_driver_config": [],
                "gke_backup_agent_config": [],
                "horizontal_pod_autoscaling": [],
                "http_load_balancing": [],
                "network_policy_config": [
                  {
                    "disabled": true
                  }
                ]
              }
            ],
            "allow_net_admin": null,
            "authenticator_groups_config": [],
            "binary_authorization": [
              {
                "enabled": false,
                "evaluation_mode": ""
              }
            ],
            "cluster_autoscaling": [
              {
                "auto_provisioning_defaults": [],
                "enabled": false,
                "resource_limits": []
              }
            ],
            "cluster_ipv4_cidr": "10.120.0.0/14",
            "confidential_nodes": [],
            "cost_management_config": [],
            "database_encryption": [
              {
                "key_name": "",
                "state": "DECRYPTED"
              }
            ],
            "datapath_provider": "",
            "default_max_pods_per_node": null,
            "default_snat_status": [
              {
                "disabled": false
              }
            ],
            "description": "",
            "dns_config": [],
            "enable_autopilot": false,
            "enable_binary_authorization": false,
            "enable_intranode_visibility": false,
            "enable_k8s_beta_apis": [],
            "enable_kubernetes_alpha": false,
            "enable_l4_ilb_subsetting": false,
            "enable_legacy_abac": false,
            "enable_shielded_nodes": true,
            "enable_tpu": false,
            "endpoint": "34.136.230.255",
            "gateway_api_config": [],
            "id": "projects/regal-scholar-423322-h0/locations/us-central1-a/clusters/webapp-cluster",
            "initial_node_count": 3,
            "ip_allocation_policy": [],
            "label_fingerprint": "a9dc16a7",
            "location": "us-central1-a",
            "logging_config": [
              {
                "enable_components": [
                  "SYSTEM_COMPONENTS",
                  "WORKLOADS"
                ]
              }
            ],
            "logging_service": "logging.googleapis.com/kubernetes",
            "maintenance_policy": [],
            "master_auth": [
              {
                "client_certificate": "",
                "client_certificate_config": [
                  {
                    "issue_client_certificate": false
                  }
                ],
                "client_key": "",
                "cluster_ca_certificate": "LS0tLS1CRUdJTiBDRVJUSUZJQ0FURS0tLS0tCk1JSUVMRENDQXBTZ0F3SUJBZ0lRU05XVVB1MG50S3NhNEtJZG5HK1p0ekFOQmdrcWhraUc5dzBCQVFzRkFEQXYKTVMwd0t3WURWUVFERXlSaU5tTmxabUZqTVMxaU5EaGtMVFF4TlRRdE9UUXhaaTA0WWpWaFpXSTRPV1JrTkdFdwpJQmNOTWpRd056QTVNREl6TVRFNVdoZ1BNakExTkRBM01ESXdNek14TVRsYU1DOHhMVEFyQmdOVkJBTVRKR0kyClkyVm1ZV014TFdJME9HUXROREUxTkMwNU5ERm1MVGhpTldGbFlqZzVaR1EwWVRDQ0FhSXdEUVlKS29aSWh2Y04KQVFFQkJRQURnZ0dQQURDQ0FZb0NnZ0dCQUxFdm8vRDAxMkViekFodFNmOG45ZWc2VkVRcFQ1dVRyemEzV2JFcwpZTThCUlU2L3Vpc3pZNlRWa05QS0VYTGdQNHo1ZTBOeCtxTTYybTYrU0lQYzBMdGFaSllwU2pwUDFnTW5pZk1SCnVBOWg1SDVLK3hmR2owZzZTZysxc0d6WURCUGJGM2xWMW55eEZTRzJPNHdsTDExWENLbzd2aERaNmozZTdpSTcKRVJXSlBqUE8wbk96L2kwaXlORGw2WEozc1NiVTFvWTErTkZOZ1NZMXhwT3RxbTlPNWdrSHJuS1BvUVMzbEV2TgpSZ2xsdTZTZkpFdWxDMHdSYlNhSk9la25hVG5HTi9RWUt6TmsyWDRDQ3ZnNnU1UEd2R1pHY25oWHFBekY5Zkc2CmJZeldLTjZFQzlYcm5ROFFYanh0SnFoSjFGSzAvNXZxb093SUVUV1V3dkdSQkl5VGQ2YWk2dkhDT2crUDl4VGcKY2EzZ2Z1clIxRFVreGIzMWkxcUgwOTgzSUxzRXU3am51K2xtUFMxdTd0cjNvbzdTb3VRT0cvMDk5L1ZIRG1rNApYdGtDR1BYaURZLzliRGVLRHJhSUxzU1dZUkR4amJCZE5TUW4zekN6T0wvaWQ0ejZyb1ZRR1hvNW9zeUtRU3diCjBueFljSnFkRW5hWmIwNmZacDdaOFo1REd3SURBUUFCbzBJd1FEQU9CZ05WSFE4QkFmOEVCQU1DQWdRd0R3WUQKVlIwVEFRSC9CQVV3QXdFQi96QWRCZ05WSFE0RUZnUVVCaDcwWHBlVVZ0MWVlVFZvSVdaMmVXdDVGVjB3RFFZSgpLb1pJaHZjTkFRRUxCUUFEZ2dHQkFCMGxKajF0bU5zbDNXcUhJRU9WUXVCSThmaVVjWTJFVkdoOFF1NGV5RWxsCmlMVXRyZHlOMDRRWHFsekxUR2tmelhjMFpWeXhmUEJ5Y25QcUxWcXdsbVpBNmhzWHRkSW9YdFFiMkV3TUxkTE8KRk9iQlF2eTc3VG1XTWZZNjJSc2FIS3BUWWhsWHNIRDZjNkJ3TVQ0NjBKVXpxZDBzMi80U25qVFh5ZFIrREIxdQpiNTk3VEtIOGV3bHpsOW5vTjl2dzV1VHlQb0w4MHI2dmdPSTZENTg3RDgrVkNLSVNUZXF3ckx3K0ZFRm1JMHFmCmg4Rm91NE5RWjJuYkxDeXhjUm0zNmhlYXAwenUvaDRKdVEzd25YeGsyOGkvaVBWS2paQTVmZXUwa3AzMnZZZVEKOE51MnhBODlaM3VLQmdBaURGeExiSFhVOU9iYWdoakxlcEk0eFBwSFNxbXFHakxXM2l5bzhqcjRXODAxeUgrMwp2UFhVcWtWOXBWZ1FJVDRQWkwyWmNtZ1lBVlUvT3EvSzBNaHUxTXQ2T2xaWXU2cGhaK1hoanpENXdNNWpGb3hzCklZbkpmNndRMUNFTWVxVHF4WUF6dkdPS3VtNm9zSWc3OEhvSTZtSVNIQ0orZytvTTltbkRUdHNOMzBkTFNTbW8KQ0Z2T2ZIbFNncFBWcmxENkRENU5SUT09Ci0tLS0tRU5EIENFUlRJRklDQVRFLS0tLS0K"
              }
            ],
            "master_authorized_networks_config": [],
            "master_version": "1.29.4-gke.1043004",
            "mesh_certificates": [],
            "min_master_version": null,
            "monitoring_config": [
              {
                "advanced_datapath_observability_config": [
                  {
                    "enable_metrics": false,
                    "relay_mode": ""
                  }
                ],
                "enable_components": [
                  "SYSTEM_COMPONENTS"
                ],
                "managed_prometheus": [
                  {
                    "enabled": true
                  }
                ]
              }
            ],
            "monitoring_service": "monitoring.googleapis.com/kubernetes",
            "name": "webapp-cluster",
            "network": "projects/regal-scholar-423322-h0/global/networks/default",
            "network_policy": [
              {
                "enabled": false,
                "provider": "PROVIDER_UNSPECIFIED"
              }
            ],
            "networking_mode": "ROUTES",
            "node_config": [
              {
                "advanced_machine_features": [],
                "boot_disk_kms_key": "",
                "confidential_nodes": [],
                "disk_size_gb": 50,
                "disk_type": "pd-balanced",
                "ephemeral_storage_local_ssd_config": [],
                "fast_socket": [],
                "gcfs_config": [],
                "guest_accelerator": [],
                "gvnic": [],
                "host_maintenance_policy": [],
                "image_type": "COS_CONTAINERD",
                "kubelet_config": [],
                "labels": {},
                "linux_node_config": [],
                "local_nvme_ssd_block_config": [],
                "local_ssd_count": 0,
                "logging_variant": "DEFAULT",
                "machine_type": "e2-medium",
                "metadata": {
                  "disable-legacy-endpoints": "true"
                },
                "min_cpu_platform": "",
                "node_group": "",
                "oauth_scopes": [
                  "https://www.googleapis.com/auth/cloud-platform"
                ],
                "preemptible": false,
                "reservation_affinity": [],
                "resource_labels": null,
                "service_account": "default",
                "shielded_instance_config": [
                  {
                    "enable_integrity_monitoring": true,
                    "enable_secure_boot": false
                  }
                ],
                "sole_tenant_config": [],
                "spot": false,
                "tags": null,
                "taint": [],
                "workload_metadata_config": []
              }
            ],
            "node_locations": [],
            "node_pool": [
              {
                "autoscaling": [],
                "initial_node_count": 3,
                "instance_group_urls": [
                  "https://www.googleapis.com/compute/v1/projects/regal-scholar-423322-h0/zones/us-central1-a/instanceGroupManagers/gke-webapp-cluster-default-pool-3cb58aac-grp"
                ],
                "managed_instance_group_urls": [
                  "https://www.googleapis.com/compute/v1/projects/regal-scholar-423322-h0/zones/us-central1-a/instanceGroups/gke-webapp-cluster-default-pool-3cb58aac-grp"
                ],
                "management": [
                  {
                    "auto_repair": true,
                    "auto_upgrade": true
                  }
                ],
                "max_pods_per_node": 0,
                "name": "default-pool",
                "name_prefix": "",
                "network_config": [
                  {
                    "create_pod_range": false,
                    "enable_private_nodes": false,
                    "pod_cidr_overprovision_config": [],
                    "pod_ipv4_cidr_block": "",
                    "pod_range": ""
                  }
                ],
                "node_config": [
                  {
                    "advanced_machine_features": [],
                    "boot_disk_kms_key": "",
                    "confidential_nodes": [],
                    "disk_size_gb": 50,
                    "disk_type": "pd-balanced",
                    "ephemeral_storage_local_ssd_config": [],
                    "fast_socket": [],
                    "gcfs_config": [],
                    "guest_accelerator": [],
                    "gvnic": [],
                    "host_maintenance_policy": [],
                    "image_type": "COS_CONTAINERD",
                    "kubelet_config": [],
                    "labels": {},
                    "linux_node_config": [],
                    "local_nvme_ssd_block_config": [],
                    "local_ssd_count": 0,
                    "logging_variant": "DEFAULT",
                    "machine_type": "e2-medium",
                    "metadata": {
                      "disable-legacy-endpoints": "true"
                    },
                    "min_cpu_platform": "",
                    "node_group": "",
                    "oauth_scopes": [
                      "https://www.googleapis.com/auth/cloud-platform"
                    ],
                    "preemptible": false,
                    "reservation_affinity": [],
                    "resource_labels": {},
                    "service_account": "default",
                    "shielded_instance_config": [
                      {
                        "enable_integrity_monitoring": true,
                        "enable_secure_boot": false
                      }
                    ],
                    "sole_tenant_config": [],
                    "spot": false,
                    "tags": [],
                    "taint": [],
                    "workload_metadata_config": []
                  }
                ],
                "node_count": 3,
                "node_locations": [
                  "us-central1-a"
                ],
                "placement_policy": [],
                "upgrade_settings": [
                  {
                    "blue_green_settings": [],
                    "max_surge": 1,
                    "max_unavailable": 0,
                    "strategy": "SURGE"
                  }
                ],
                "version": "1.29.4-gke.1043004"
              }
            ],
            "node_pool_auto_config": [],
            "node_pool_defaults": [
              {
                "node_config_defaults": [
                  {
                    "logging_variant": "DEFAULT"
                  }
                ]
              }
            ],
            "node_version": "1.29.4-gke.1043004",
            "notification_config": [
              {
                "pubsub": [
                  {
                    "enabled": false,
                    "filter": [],
                    "topic": ""
                  }
                ]
              }
            ],
            "operation": null,
            "private_cluster_config": [
              {
                "enable_private_endpoint": false,
                "enable_private_nodes": false,
                "master_global_access_config": [
                  {
                    "enabled": false
                  }
                ],
                "master_ipv4_cidr_block": "",
                "peering_name": "",
                "private_endpoint": "10.128.0.44",
                "private_endpoint_subnetwork": "",
                "public_endpoint": "34.136.230.255"
              }
            ],
            "private_ipv6_google_access": "",
            "project": "regal-scholar-423322-h0",
            "release_channel": [
              {
                "channel": "REGULAR"
              }
            ],
            "remove_default_node_pool": null,
            "resource_labels": null,
            "resource_usage_export_config": [],
            "security_posture_config": [
              {
                "mode": "BASIC",
                "vulnerability_mode": "VULNERABILITY_MODE_UNSPECIFIED"
              }
            ],
            "self_link": "https://container.googleapis.com/v1/projects/regal-scholar-423322-h0/zones/us-central1-a/clusters/webapp-cluster",
            "service_external_ips_config": [
              {
                "enabled": false
              }
            ],
            "services_ipv4_cidr": "10.123.240.0/20",
            "subnetwork": "projects/regal-scholar-423322-h0/regions/us-central1/subnetworks/default",
            "timeouts": null,
            "tpu_ipv4_cidr_block": "",
            "vertical_pod_autoscaling": [],
            "workload_identity_config": []
          },
          "sensitive_attributes": [],
          "private": "eyJlMmJmYjczMC1lY2FhLTExZTYtOGY4OC0zNDM2M2JjN2M0YzAiOnsiY3JlYXRlIjoyNDAwMDAwMDAwMDAwLCJkZWxldGUiOjI0MDAwMDAwMDAwMDAsInJlYWQiOjI0MDAwMDAwMDAwMDAsInVwZGF0ZSI6MzYwMDAwMDAwMDAwMH0sInNjaGVtYV92ZXJzaW9uIjoiMSJ9"
        }
      ]
    }
  ],
  "check_results": null
}
