{
  "version": 4,
  "terraform_version": "1.5.7",
  "serial": 1,
  "lineage": "1551cc7e-b1a9-f8ae-4aec-0dbaee123ca1",
  "outputs": {},
  "resources": [
    {
      "mode": "managed",
      "type": "google_container_cluster",
      "name": "primary",
      "provider": "provider[\"registry.terraform.io/hashicorp/google\"]",
      "instances": [
        {
          "schema_version": 1,
          "attributes": {
            "addons_config": [
              {
                "cloudrun_config": [],
                "dns_cache_config": [],
                "gce_persistent_disk_csi_driver_config": [
                  {
                    "enabled": true
                  }
                ],
                "gcp_filestore_csi_driver_config": [],
                "gke_backup_agent_config": [],
                "horizontal_pod_autoscaling": [],
                "http_load_balancing": [],
                "network_policy_config": [
                  {
                    "disabled": true
                  }
                ]
              }
            ],
            "authenticator_groups_config": [],
            "binary_authorization": [
              {
                "enabled": false,
                "evaluation_mode": ""
              }
            ],
            "cluster_autoscaling": [
              {
                "auto_provisioning_defaults": [],
                "enabled": false,
                "resource_limits": []
              }
            ],
            "cluster_ipv4_cidr": "10.32.0.0/14",
            "confidential_nodes": [],
            "cost_management_config": [],
            "database_encryption": [
              {
                "key_name": "",
                "state": "DECRYPTED"
              }
            ],
            "datapath_provider": "",
            "default_max_pods_per_node": null,
            "default_snat_status": [
              {
                "disabled": false
              }
            ],
            "description": "",
            "dns_config": [],
            "enable_autopilot": false,
            "enable_binary_authorization": false,
            "enable_intranode_visibility": false,
            "enable_kubernetes_alpha": false,
            "enable_l4_ilb_subsetting": false,
            "enable_legacy_abac": false,
            "enable_shielded_nodes": true,
            "enable_tpu": false,
            "endpoint": "34.45.45.118",
            "gateway_api_config": [],
            "id": "projects/regal-scholar-423322-h0/locations/us-central1-a/clusters/flaskapp-cluster",
            "initial_node_count": 2,
            "ip_allocation_policy": [],
            "label_fingerprint": "a9dc16a7",
            "location": "us-central1-a",
            "logging_config": [
              {
                "enable_components": [
                  "SYSTEM_COMPONENTS",
                  "WORKLOADS"
                ]
              }
            ],
            "logging_service": "logging.googleapis.com/kubernetes",
            "maintenance_policy": [],
            "master_auth": [
              {
                "client_certificate": "",
                "client_certificate_config": [
                  {
                    "issue_client_certificate": false
                  }
                ],
                "client_key": "",
                "cluster_ca_certificate": "LS0tLS1CRUdJTiBDRVJUSUZJQ0FURS0tLS0tCk1JSUVMRENDQXBTZ0F3SUJBZ0lRVWYrLzhMbDdmQytLRStKdHpHMkZUREFOQmdrcWhraUc5dzBCQVFzRkFEQXYKTVMwd0t3WURWUVFERXlReU9ESXdOR1E0WmkwNFpHWXhMVFJoTURVdE9XUXdOQzFoTkRJNVlUUTFPRFUwTURNdwpJQmNOTWpRd056QTVNakkxTlRRM1doZ1BNakExTkRBM01ESXlNelUxTkRkYU1DOHhMVEFyQmdOVkJBTVRKREk0Ck1qQTBaRGhtTFRoa1pqRXROR0V3TlMwNVpEQTBMV0UwTWpsaE5EVTROVFF3TXpDQ0FhSXdEUVlKS29aSWh2Y04KQVFFQkJRQURnZ0dQQURDQ0FZb0NnZ0dCQUlmZ011VVdBTHhnNmF2b0VETWg2Q3JkR25zdWFaNWJ1UWlHVlN0dwpnZytpUmdnTGRNNUQ0Mmx4ajdmcTZMZWJHdlhOamhTcndlTnB1YkZ2ZlBha2J4YTQ3ckJlbUEyRXQxVWNHTVVFCnRUNmZUVkN0Qk1SSENvcUZUdm9KeDB3a01vV1k3QmR5ZktzYzVkdGI1cFBBKzlqcmRUVnp0d3ZsMWNRcVZwWkEKN2U1WDg5emtyMWhyMER0VjMvTjBwd0VvNS84RVFscHhqVzFLZFRTOXdXQTR6NGhDQW84emFta3FZUGRjZWozeQpTZUxsSGt4V2Q2aFAvRThFUmRpeDcreEpzTE41cGk2S2V6eEZscFZJaXpDNWNyWXprbytZTS9aRGpNSUdldkhoCmlDcWRJZmlOK0kwTFdjZnlZM1g4YXBsYm14NkpINXlWOEhBaWhoUVF1TG83OWpLQ3JTQ1VJNmMzbU1IZEYxTWUKMjdGZGwreVhYRjU2TVhyWEltanlCTmZURVJBY1JseVNaWTdPa1dvYmVCVzhBbkdONkpqYXN2eEFWRjRqZjlucApQKzdheStHR0ZqQnJxd2IvL0ZtTng1UG82amloVnZtdVhZU3FOSVJ5MVYyNUVpTzNGbW02TjgyaEo4T2JTYXNmCnhhdG1pT2g3WnNXb3lueC8xVEZVZ3lTaHZ3SURBUUFCbzBJd1FEQU9CZ05WSFE4QkFmOEVCQU1DQWdRd0R3WUQKVlIwVEFRSC9CQVV3QXdFQi96QWRCZ05WSFE0RUZnUVVDTWVyN3gxV2ZHV1Bkd0RUa0lkeUFRb3RjUWt3RFFZSgpLb1pJaHZjTkFRRUxCUUFEZ2dHQkFDMkhGM1B4ZHJxc3dRaHFncWYwUjNQUGlvbEM0TXRsdmhZQ3JDdnJ4NjgzCjRNRjZkdVVVa1VmOCtid3lXRzFPVTh3QzFlaDhENmVIVXRldkk3dkZFR21adFFKTk1WM1NGOG1iNTBRa2UxYncKS25YZFEvWjVqK3VEUzBlbGh2eGh1TDcwcWx1Zk1tb2grcW44djRZTG9kQzgwMFd3WWZ3cjBFYWw4VEw5N1AyeApkOTY4U0NQZzNZMFBoYTAxNGZ2TWUydGZITDB6SUhESENKVnQzUEpLQ0E5amgrbjJVemNTNEY2VTFBeGFwWXcrCnQ1TnZMb3RjeEMvcXBGY1VSL25JTXk2Y2FvQU5GeFNpZTFrdFJuVVdrVmt4RWVVbmdUL2dHRS94N25EdlpabDkKZy9mT0RjYnMybnlHZDBXdDgwcUdJZjNkWFBSKzRTdWRvMFU0SzJBRk51cUc2OXRZTXV3OXJ0bEt3UjFqbzFWYgpBeUdVVmpRSE9EbHNJdjhycFRtaHA0MlI4bkNRZVZ3cWljTEJtdTJPbmEzeUNORlo5S2M0Z0pTbjQ3TmVYc1pHCjlaMktzejNmQlQ0dEJKZEtCRHF4RUNNZzJEdVcvN1hxT1M0dHVtZXphcjB4M2I2cjkzWDFhNEMwajFLTTBBQy8KSVovSXpYM2hjaDdPNEMxOHBnbW12dz09Ci0tLS0tRU5EIENFUlRJRklDQVRFLS0tLS0K"
              }
            ],
            "master_authorized_networks_config": [],
            "master_version": "1.29.4-gke.1043004",
            "mesh_certificates": [],
            "min_master_version": null,
            "monitoring_config": [
              {
                "enable_components": [
                  "SYSTEM_COMPONENTS"
                ],
                "managed_prometheus": [
                  {
                    "enabled": true
                  }
                ]
              }
            ],
            "monitoring_service": "monitoring.googleapis.com/kubernetes",
            "name": "flaskapp-cluster",
            "network": "projects/regal-scholar-423322-h0/global/networks/default",
            "network_policy": [
              {
                "enabled": false,
                "provider": "PROVIDER_UNSPECIFIED"
              }
            ],
            "networking_mode": "ROUTES",
            "node_config": [
              {
                "boot_disk_kms_key": "",
                "disk_size_gb": 50,
                "disk_type": "pd-balanced",
                "gcfs_config": [],
                "guest_accelerator": [],
                "gvnic": [],
                "image_type": "COS_CONTAINERD",
                "labels": {},
                "local_ssd_count": 0,
                "logging_variant": "DEFAULT",
                "machine_type": "e2-micro",
                "metadata": {
                  "disable-legacy-endpoints": "true"
                },
                "min_cpu_platform": "",
                "node_group": "",
                "oauth_scopes": [
                  "https://www.googleapis.com/auth/cloud-platform"
                ],
                "preemptible": false,
                "reservation_affinity": [],
                "resource_labels": null,
                "service_account": "default",
                "shielded_instance_config": [
                  {
                    "enable_integrity_monitoring": true,
                    "enable_secure_boot": false
                  }
                ],
                "spot": false,
                "tags": null,
                "taint": [],
                "workload_metadata_config": []
              }
            ],
            "node_locations": [],
            "node_pool": [
              {
                "autoscaling": [],
                "initial_node_count": 2,
                "instance_group_urls": [
                  "https://www.googleapis.com/compute/v1/projects/regal-scholar-423322-h0/zones/us-central1-a/instanceGroupManagers/gke-flaskapp-cluster-default-pool-50e427eb-grp"
                ],
                "managed_instance_group_urls": [
                  "https://www.googleapis.com/compute/v1/projects/regal-scholar-423322-h0/zones/us-central1-a/instanceGroups/gke-flaskapp-cluster-default-pool-50e427eb-grp"
                ],
                "management": [
                  {
                    "auto_repair": true,
                    "auto_upgrade": true
                  }
                ],
                "max_pods_per_node": 0,
                "name": "default-pool",
                "name_prefix": "",
                "network_config": [
                  {
                    "create_pod_range": false,
                    "enable_private_nodes": false,
                    "pod_ipv4_cidr_block": "",
                    "pod_range": ""
                  }
                ],
                "node_config": [
                  {
                    "boot_disk_kms_key": "",
                    "disk_size_gb": 50,
                    "disk_type": "pd-balanced",
                    "gcfs_config": [],
                    "guest_accelerator": [],
                    "gvnic": [],
                    "image_type": "COS_CONTAINERD",
                    "labels": {},
                    "local_ssd_count": 0,
                    "logging_variant": "DEFAULT",
                    "machine_type": "e2-micro",
                    "metadata": {
                      "disable-legacy-endpoints": "true"
                    },
                    "min_cpu_platform": "",
                    "node_group": "",
                    "oauth_scopes": [
                      "https://www.googleapis.com/auth/cloud-platform"
                    ],
                    "preemptible": false,
                    "reservation_affinity": [],
                    "resource_labels": {},
                    "service_account": "default",
                    "shielded_instance_config": [
                      {
                        "enable_integrity_monitoring": true,
                        "enable_secure_boot": false
                      }
                    ],
                    "spot": false,
                    "tags": [],
                    "taint": [],
                    "workload_metadata_config": []
                  }
                ],
                "node_count": 2,
                "node_locations": [
                  "us-central1-a"
                ],
                "upgrade_settings": [
                  {
                    "blue_green_settings": [],
                    "max_surge": 1,
                    "max_unavailable": 0,
                    "strategy": "SURGE"
                  }
                ],
                "version": "1.29.4-gke.1043004"
              }
            ],
            "node_pool_defaults": [
              {
                "node_config_defaults": [
                  {
                    "logging_variant": "DEFAULT"
                  }
                ]
              }
            ],
            "node_version": "1.29.4-gke.1043004",
            "notification_config": [
              {
                "pubsub": [
                  {
                    "enabled": false,
                    "filter": [],
                    "topic": ""
                  }
                ]
              }
            ],
            "operation": null,
            "private_cluster_config": [
              {
                "enable_private_endpoint": false,
                "enable_private_nodes": false,
                "master_global_access_config": [
                  {
                    "enabled": false
                  }
                ],
                "master_ipv4_cidr_block": "",
                "peering_name": "",
                "private_endpoint": "10.128.15.195",
                "private_endpoint_subnetwork": "",
                "public_endpoint": "34.45.45.118"
              }
            ],
            "private_ipv6_google_access": "",
            "project": "regal-scholar-423322-h0",
            "release_channel": [
              {
                "channel": "REGULAR"
              }
            ],
            "remove_default_node_pool": null,
            "resource_labels": null,
            "resource_usage_export_config": [],
            "self_link": "https://container.googleapis.com/v1/projects/regal-scholar-423322-h0/zones/us-central1-a/clusters/flaskapp-cluster",
            "service_external_ips_config": [
              {
                "enabled": false
              }
            ],
            "services_ipv4_cidr": "10.35.240.0/20",
            "subnetwork": "projects/regal-scholar-423322-h0/regions/us-central1/subnetworks/default",
            "timeouts": null,
            "tpu_ipv4_cidr_block": "",
            "vertical_pod_autoscaling": [],
            "workload_identity_config": []
          },
          "sensitive_attributes": [],
          "private": "eyJlMmJmYjczMC1lY2FhLTExZTYtOGY4OC0zNDM2M2JjN2M0YzAiOnsiY3JlYXRlIjoyNDAwMDAwMDAwMDAwLCJkZWxldGUiOjI0MDAwMDAwMDAwMDAsInJlYWQiOjI0MDAwMDAwMDAwMDAsInVwZGF0ZSI6MzYwMDAwMDAwMDAwMH0sInNjaGVtYV92ZXJzaW9uIjoiMSJ9"
        }
      ]
    }
  ],
  "check_results": null
}
